
Microsoft Visual Studio Solution File, Format Version 12.00
# Visual Studio Version 16
VisualStudioVersion = 16.0.29519.181
MinimumVisualStudioVersion = 10.0.40219.1
Project("{9A19103F-16F7-4668-BE54-9A1E7A4F7556}") = "AkkaMjrTwo.UI", "Completed\UI\AkkaMjrTwo.UI.csproj", "{6B77F139-687F-4BCC-9E1D-0FC69ED5135C}"
EndProject
Project("{9A19103F-16F7-4668-BE54-9A1E7A4F7556}") = "AkkaMjrTwo.Domain", "Completed\Domain\AkkaMjrTwo.Domain.csproj", "{0BA6B939-5F61-444C-93C9-A70AB580D820}"
EndProject
Project("{9A19103F-16F7-4668-BE54-9A1E7A4F7556}") = "AkkaMjrTwo.Infrastructure", "Completed\Infrastructure\AkkaMjrTwo.Infrastructure.csproj", "{6EBEEF4A-7704-40F4-A772-D4C1E3E6A1A5}"
EndProject
Project("{9A19103F-16F7-4668-BE54-9A1E7A4F7556}") = "AkkaMjrTwo.GameEngine", "Completed\GameEngine\AkkaMjrTwo.GameEngine.csproj", "{404E0E57-0C83-4DED-8310-685DC9B4443F}"
EndProject
Project("{2150E333-8FDC-42A3-9474-1A3956D46DE8}") = "DB", "DB", "{78B01527-BF0E-4CF1-996E-F6BF90636B76}"
	ProjectSection(SolutionItems) = preProject
		Completed\DB\DB init.sql = Completed\DB\DB init.sql
	EndProjectSection
EndProject
Project("{9A19103F-16F7-4668-BE54-9A1E7A4F7556}") = "AkkaMjrTwo.StatisticsEngine", "Completed\StatisticsEngine\AkkaMjrTwo.StatisticsEngine.csproj", "{579A93FA-74E7-4CA3-B714-CB87F792237E}"
EndProject
Global
	GlobalSection(SolutionConfigurationPlatforms) = preSolution
		Debug|Any CPU = Debug|Any CPU
		Release|Any CPU = Release|Any CPU
	EndGlobalSection
	GlobalSection(ProjectConfigurationPlatforms) = postSolution
		{6B77F139-687F-4BCC-9E1D-0FC69ED5135C}.Debug|Any CPU.ActiveCfg = Debug|Any CPU
		{6B77F139-687F-4BCC-9E1D-0FC69ED5135C}.Debug|Any CPU.Build.0 = Debug|Any CPU
		{6B77F139-687F-4BCC-9E1D-0FC69ED5135C}.Release|Any CPU.ActiveCfg = Release|Any CPU
		{6B77F139-687F-4BCC-9E1D-0FC69ED5135C}.Release|Any CPU.Build.0 = Release|Any CPU
		{0BA6B939-5F61-444C-93C9-A70AB580D820}.Debug|Any CPU.ActiveCfg = Debug|Any CPU
		{0BA6B939-5F61-444C-93C9-A70AB580D820}.Debug|Any CPU.Build.0 = Debug|Any CPU
		{0BA6B939-5F61-444C-93C9-A70AB580D820}.Release|Any CPU.ActiveCfg = Release|Any CPU
		{0BA6B939-5F61-444C-93C9-A70AB580D820}.Release|Any CPU.Build.0 = Release|Any CPU
		{6EBEEF4A-7704-40F4-A772-D4C1E3E6A1A5}.Debug|Any CPU.ActiveCfg = Debug|Any CPU
		{6EBEEF4A-7704-40F4-A772-D4C1E3E6A1A5}.Debug|Any CPU.Build.0 = Debug|Any CPU
		{6EBEEF4A-7704-40F4-A772-D4C1E3E6A1A5}.Release|Any CPU.ActiveCfg = Release|Any CPU
		{6EBEEF4A-7704-40F4-A772-D4C1E3E6A1A5}.Release|Any CPU.Build.0 = Release|Any CPU
		{404E0E57-0C83-4DED-8310-685DC9B4443F}.Debug|Any CPU.ActiveCfg = Debug|Any CPU
		{404E0E57-0C83-4DED-8310-685DC9B4443F}.Debug|Any CPU.Build.0 = Debug|Any CPU
		{404E0E57-0C83-4DED-8310-685DC9B4443F}.Release|Any CPU.ActiveCfg = Release|Any CPU
		{404E0E57-0C83-4DED-8310-685DC9B4443F}.Release|Any CPU.Build.0 = Release|Any CPU
		{579A93FA-74E7-4CA3-B714-CB87F792237E}.Debug|Any CPU.ActiveCfg = Debug|Any CPU
		{579A93FA-74E7-4CA3-B714-CB87F792237E}.Debug|Any CPU.Build.0 = Debug|Any CPU
		{579A93FA-74E7-4CA3-B714-CB87F792237E}.Release|Any CPU.ActiveCfg = Release|Any CPU
		{579A93FA-74E7-4CA3-B714-CB87F792237E}.Release|Any CPU.Build.0 = Release|Any CPU
	EndGlobalSection
	GlobalSection(SolutionProperties) = preSolution
		HideSolutionNode = FALSE
	EndGlobalSection
	GlobalSection(ExtensibilityGlobals) = postSolution
		SolutionGuid = {70AEC83A-23D3-475B-8C83-29F5116FCBF9}
	EndGlobalSection
EndGlobal
