
Microsoft Visual Studio Solution File, Format Version 12.00
# Visual Studio Version 16
VisualStudioVersion = 16.0.29519.181
MinimumVisualStudioVersion = 10.0.40219.1
Project("{9A19103F-16F7-4668-BE54-9A1E7A4F7556}") = "AkkaMjrTwo.UI", "Completed\UI\AkkaMjrTwo.UI.csproj", "{6B77F139-687F-4BCC-9E1D-0FC69ED5135C}"
EndProject
Project("{9A19103F-16F7-4668-BE54-9A1E7A4F7556}") = "AkkaMjrTwo.Statistics", "Completed\Statistics\AkkaMjrTwo.Statistics.csproj", "{739A0B3A-400A-447A-B8E4-3FF9921DB15B}"
EndProject
Project("{9A19103F-16F7-4668-BE54-9A1E7A4F7556}") = "AkkaMjrTwo.Domain", "Completed\Domain\AkkaMjrTwo.Domain.csproj", "{0BA6B939-5F61-444C-93C9-A70AB580D820}"
EndProject
Project("{9A19103F-16F7-4668-BE54-9A1E7A4F7556}") = "AkkaMjrTwo.Infrastructure", "Completed\Infrastructure\AkkaMjrTwo.Infrastructure.csproj", "{6EBEEF4A-7704-40F4-A772-D4C1E3E6A1A5}"
EndProject
Project("{FAE04EC0-301F-11D3-BF4B-00C04F79EFBC}") = "AkkaMjrTwo.GameEngine", "GameEngine2\AkkaMjrTwo.GameEngine.csproj", "{D44987CA-83BD-44C7-A6D2-C1A4D68853C3}"
EndProject
Global
	GlobalSection(SolutionConfigurationPlatforms) = preSolution
		Debug|Any CPU = Debug|Any CPU
		Release|Any CPU = Release|Any CPU
	EndGlobalSection
	GlobalSection(ProjectConfigurationPlatforms) = postSolution
		{6B77F139-687F-4BCC-9E1D-0FC69ED5135C}.Debug|Any CPU.ActiveCfg = Debug|Any CPU
		{6B77F139-687F-4BCC-9E1D-0FC69ED5135C}.Debug|Any CPU.Build.0 = Debug|Any CPU
		{6B77F139-687F-4BCC-9E1D-0FC69ED5135C}.Release|Any CPU.ActiveCfg = Release|Any CPU
		{6B77F139-687F-4BCC-9E1D-0FC69ED5135C}.Release|Any CPU.Build.0 = Release|Any CPU
		{739A0B3A-400A-447A-B8E4-3FF9921DB15B}.Debug|Any CPU.ActiveCfg = Debug|Any CPU
		{739A0B3A-400A-447A-B8E4-3FF9921DB15B}.Debug|Any CPU.Build.0 = Debug|Any CPU
		{739A0B3A-400A-447A-B8E4-3FF9921DB15B}.Release|Any CPU.ActiveCfg = Release|Any CPU
		{739A0B3A-400A-447A-B8E4-3FF9921DB15B}.Release|Any CPU.Build.0 = Release|Any CPU
		{0BA6B939-5F61-444C-93C9-A70AB580D820}.Debug|Any CPU.ActiveCfg = Debug|Any CPU
		{0BA6B939-5F61-444C-93C9-A70AB580D820}.Debug|Any CPU.Build.0 = Debug|Any CPU
		{0BA6B939-5F61-444C-93C9-A70AB580D820}.Release|Any CPU.ActiveCfg = Release|Any CPU
		{0BA6B939-5F61-444C-93C9-A70AB580D820}.Release|Any CPU.Build.0 = Release|Any CPU
		{6EBEEF4A-7704-40F4-A772-D4C1E3E6A1A5}.Debug|Any CPU.ActiveCfg = Debug|Any CPU
		{6EBEEF4A-7704-40F4-A772-D4C1E3E6A1A5}.Debug|Any CPU.Build.0 = Debug|Any CPU
		{6EBEEF4A-7704-40F4-A772-D4C1E3E6A1A5}.Release|Any CPU.ActiveCfg = Release|Any CPU
		{6EBEEF4A-7704-40F4-A772-D4C1E3E6A1A5}.Release|Any CPU.Build.0 = Release|Any CPU
		{D44987CA-83BD-44C7-A6D2-C1A4D68853C3}.Debug|Any CPU.ActiveCfg = Debug|Any CPU
		{D44987CA-83BD-44C7-A6D2-C1A4D68853C3}.Debug|Any CPU.Build.0 = Debug|Any CPU
		{D44987CA-83BD-44C7-A6D2-C1A4D68853C3}.Release|Any CPU.ActiveCfg = Release|Any CPU
		{D44987CA-83BD-44C7-A6D2-C1A4D68853C3}.Release|Any CPU.Build.0 = Release|Any CPU
	EndGlobalSection
	GlobalSection(SolutionProperties) = preSolution
		HideSolutionNode = FALSE
	EndGlobalSection
	GlobalSection(ExtensibilityGlobals) = postSolution
		SolutionGuid = {70AEC83A-23D3-475B-8C83-29F5116FCBF9}
	EndGlobalSection
EndGlobal
